
Microsoft Visual Studio Solution File, Format Version 12.00
# Visual Studio 15
VisualStudioVersion = 15.0.28307.489
MinimumVisualStudioVersion = 10.0.40219.1
Project("{FAE04EC0-301F-11D3-BF4B-00C04F79EFBC}") = "DockPanel", "DockIt\DockPanel.csproj", "{D50C178E-866C-47D4-903F-87A1553B3273}"
EndProject
Project("{FAE04EC0-301F-11D3-BF4B-00C04F79EFBC}") = "DockExample.XamMac", "DockExample\DockExample.XamMac.csproj", "{74E6BB7D-239B-4D30-ADF7-5A0A84C8B6BB}"
EndProject
Project("{FAE04EC0-301F-11D3-BF4B-00C04F79EFBC}") = "PropertyGrid.Xwt", "PropertyGrid.Xwt\PropertyGrid.Xwt.csproj", "{AEFE8698-65D7-48DF-AD23-99F2CCCA2694}"
EndProject
Global
	GlobalSection(SolutionConfigurationPlatforms) = preSolution
		Debug|Any CPU = Debug|Any CPU
		Release|Any CPU = Release|Any CPU
	EndGlobalSection
	GlobalSection(ProjectConfigurationPlatforms) = postSolution
		{D50C178E-866C-47D4-903F-87A1553B3273}.Debug|Any CPU.ActiveCfg = Debug|Any CPU
		{D50C178E-866C-47D4-903F-87A1553B3273}.Debug|Any CPU.Build.0 = Debug|Any CPU
		{D50C178E-866C-47D4-903F-87A1553B3273}.Release|Any CPU.ActiveCfg = Release|Any CPU
		{D50C178E-866C-47D4-903F-87A1553B3273}.Release|Any CPU.Build.0 = Release|Any CPU
		{74E6BB7D-239B-4D30-ADF7-5A0A84C8B6BB}.Debug|Any CPU.ActiveCfg = Debug|Any CPU
		{74E6BB7D-239B-4D30-ADF7-5A0A84C8B6BB}.Debug|Any CPU.Build.0 = Debug|Any CPU
		{74E6BB7D-239B-4D30-ADF7-5A0A84C8B6BB}.Release|Any CPU.ActiveCfg = Release|Any CPU
		{74E6BB7D-239B-4D30-ADF7-5A0A84C8B6BB}.Release|Any CPU.Build.0 = Release|Any CPU
		{AEFE8698-65D7-48DF-AD23-99F2CCCA2694}.Debug|Any CPU.ActiveCfg = Debug|Any CPU
		{AEFE8698-65D7-48DF-AD23-99F2CCCA2694}.Debug|Any CPU.Build.0 = Debug|Any CPU
		{AEFE8698-65D7-48DF-AD23-99F2CCCA2694}.Release|Any CPU.ActiveCfg = Release|Any CPU
		{AEFE8698-65D7-48DF-AD23-99F2CCCA2694}.Release|Any CPU.Build.0 = Release|Any CPU
	EndGlobalSection
	GlobalSection(SolutionProperties) = preSolution
		HideSolutionNode = FALSE
	EndGlobalSection
	GlobalSection(ExtensibilityGlobals) = postSolution
		SolutionGuid = {88D550D3-C309-4594-8445-F249F4365A57}
	EndGlobalSection
EndGlobal
